
Microsoft Visual Studio Solution File, Format Version 12.00
# Visual Studio Version 16
VisualStudioVersion = 16.0.31702.278
MinimumVisualStudioVersion = 10.0.40219.1
Project("{FAE04EC0-301F-11D3-BF4B-00C04F79EFBC}") = "Pet", "Pet\Pet.csproj", "{5419F7C6-AF7F-48E1-89FB-E398D51AF33C}"
EndProject
Global
	GlobalSection(SolutionConfigurationPlatforms) = preSolution
		Debug|Any CPU = Debug|Any CPU
		Release|Any CPU = Release|Any CPU
	EndGlobalSection
	GlobalSection(ProjectConfigurationPlatforms) = postSolution
		{5419F7C6-AF7F-48E1-89FB-E398D51AF33C}.Debug|Any CPU.ActiveCfg = Debug|Any CPU
		{5419F7C6-AF7F-48E1-89FB-E398D51AF33C}.Debug|Any CPU.Build.0 = Debug|Any CPU
		{5419F7C6-AF7F-48E1-89FB-E398D51AF33C}.Release|Any CPU.ActiveCfg = Release|Any CPU
		{5419F7C6-AF7F-48E1-89FB-E398D51AF33C}.Release|Any CPU.Build.0 = Release|Any CPU
	EndGlobalSection
	GlobalSection(SolutionProperties) = preSolution
		HideSolutionNode = FALSE
	EndGlobalSection
	GlobalSection(ExtensibilityGlobals) = postSolution
		SolutionGuid = {B6CC890B-AC52-4D15-B573-6FB812E0222F}
	EndGlobalSection
EndGlobal
